
Microsoft Visual Studio Solution File, Format Version 12.00
# Visual Studio Version 17
VisualStudioVersion = 17.2.32616.157
MinimumVisualStudioVersion = 10.0.40219.1
Project("{FAE04EC0-301F-11D3-BF4B-00C04F79EFBC}") = "Blackjack", "Blackjack.csproj", "{84AD1845-6301-4CDD-88DF-994878C86698}"
EndProject
Global
	GlobalSection(SolutionConfigurationPlatforms) = preSolution
		Debug|Any CPU = Debug|Any CPU
		Release|Any CPU = Release|Any CPU
	EndGlobalSection
	GlobalSection(ProjectConfigurationPlatforms) = postSolution
		{84AD1845-6301-4CDD-88DF-994878C86698}.Debug|Any CPU.ActiveCfg = Debug|Any CPU
		{84AD1845-6301-4CDD-88DF-994878C86698}.Debug|Any CPU.Build.0 = Debug|Any CPU
		{84AD1845-6301-4CDD-88DF-994878C86698}.Release|Any CPU.ActiveCfg = Release|Any CPU
		{84AD1845-6301-4CDD-88DF-994878C86698}.Release|Any CPU.Build.0 = Release|Any CPU
	EndGlobalSection
	GlobalSection(SolutionProperties) = preSolution
		HideSolutionNode = FALSE
	EndGlobalSection
	GlobalSection(ExtensibilityGlobals) = postSolution
		SolutionGuid = {DBFD1198-E9B0-425A-A959-FA6C11D81CD3}
	EndGlobalSection
EndGlobal
